// !$*UTF8*$!
{
	archiveVersion = 1;
	classes = {
	};
	objectVersion = 56;
	objects = {

/* Begin PBXBuildFile section */
		0F685777FD26D83718473467 /* Pods_SafetyKuvrrKit.framework in Frameworks */ = {isa = PBXBuildFile; fileRef = 79B73F03C75D28EE952EE6FC /* Pods_SafetyKuvrrKit.framework */; };
		150887942C2DA6DB0041DFC0 /* SKService.swift in Sources */ = {isa = PBXBuildFile; fileRef = 150887932C2DA6DB0041DFC0 /* SKService.swift */; };
		151C3B632C34072200688277 /* SKEncoder.swift in Sources */ = {isa = PBXBuildFile; fileRef = 151C3B622C34072100688277 /* SKEncoder.swift */; };
		151C3B652C34077800688277 /* SKDataModels.swift in Sources */ = {isa = PBXBuildFile; fileRef = 151C3B642C34077700688277 /* SKDataModels.swift */; };
		151C3B672C340B2000688277 /* SKUserDefaults.swift in Sources */ = {isa = PBXBuildFile; fileRef = 151C3B662C340B2000688277 /* SKUserDefaults.swift */; };
		153E82CF2C3C2A380035286A /* SKStreaming.swift in Sources */ = {isa = PBXBuildFile; fileRef = 153E82CE2C3C2A380035286A /* SKStreaming.swift */; };
		15572B872C2C2D0B0057318D /* SafetyKuvrrKit.h in Headers */ = {isa = PBXBuildFile; fileRef = 15572B862C2C2D0B0057318D /* SafetyKuvrrKit.h */; settings = {ATTRIBUTES = (Public, ); }; };
		15572B8E2C2C2D690057318D /* SafetyKuvrr.swift in Sources */ = {isa = PBXBuildFile; fileRef = 15572B8D2C2C2D690057318D /* SafetyKuvrr.swift */; };
		15B5768E2C35048A0043BDFD /* SKConstants.swift in Sources */ = {isa = PBXBuildFile; fileRef = 15B5768D2C35048A0043BDFD /* SKConstants.swift */; };
		15BA66EF2C3BEB8E00E60C4D /* SKKit.swift in Sources */ = {isa = PBXBuildFile; fileRef = 15BA66EE2C3BEB8E00E60C4D /* SKKit.swift */; };
		15EAA5CE2C369900009D61EA /* SKPermission.swift in Sources */ = {isa = PBXBuildFile; fileRef = 15EAA5CD2C369900009D61EA /* SKPermission.swift */; };
		15EAA5D22C36BA77009D61EA /* UIDevice+Extension.swift in Sources */ = {isa = PBXBuildFile; fileRef = 15EAA5D12C36BA77009D61EA /* UIDevice+Extension.swift */; };
/* End PBXBuildFile section */

/* Begin PBXFileReference section */
		150887932C2DA6DB0041DFC0 /* SKService.swift */ = {isa = PBXFileReference; lastKnownFileType = sourcecode.swift; path = SKService.swift; sourceTree = "<group>"; };
		151C3B622C34072100688277 /* SKEncoder.swift */ = {isa = PBXFileReference; lastKnownFileType = sourcecode.swift; path = SKEncoder.swift; sourceTree = "<group>"; };
		151C3B642C34077700688277 /* SKDataModels.swift */ = {isa = PBXFileReference; lastKnownFileType = sourcecode.swift; path = SKDataModels.swift; sourceTree = "<group>"; };
		151C3B662C340B2000688277 /* SKUserDefaults.swift */ = {isa = PBXFileReference; lastKnownFileType = sourcecode.swift; path = SKUserDefaults.swift; sourceTree = "<group>"; };
		153E82CE2C3C2A380035286A /* SKStreaming.swift */ = {isa = PBXFileReference; lastKnownFileType = sourcecode.swift; path = SKStreaming.swift; sourceTree = "<group>"; };
		15572B832C2C2D0B0057318D /* SafetyKuvrrKit.framework */ = {isa = PBXFileReference; explicitFileType = wrapper.framework; includeInIndex = 0; path = SafetyKuvrrKit.framework; sourceTree = BUILT_PRODUCTS_DIR; };
		15572B862C2C2D0B0057318D /* SafetyKuvrrKit.h */ = {isa = PBXFileReference; lastKnownFileType = sourcecode.c.h; path = SafetyKuvrrKit.h; sourceTree = "<group>"; };
		15572B8D2C2C2D690057318D /* SafetyKuvrr.swift */ = {isa = PBXFileReference; lastKnownFileType = sourcecode.swift; path = SafetyKuvrr.swift; sourceTree = "<group>"; };
		15B5768D2C35048A0043BDFD /* SKConstants.swift */ = {isa = PBXFileReference; lastKnownFileType = sourcecode.swift; path = SKConstants.swift; sourceTree = "<group>"; };
		15BA66EE2C3BEB8E00E60C4D /* SKKit.swift */ = {isa = PBXFileReference; lastKnownFileType = sourcecode.swift; path = SKKit.swift; sourceTree = "<group>"; };
		15EAA5CD2C369900009D61EA /* SKPermission.swift */ = {isa = PBXFileReference; lastKnownFileType = sourcecode.swift; path = SKPermission.swift; sourceTree = "<group>"; };
		15EAA5D12C36BA77009D61EA /* UIDevice+Extension.swift */ = {isa = PBXFileReference; lastKnownFileType = sourcecode.swift; path = "UIDevice+Extension.swift"; sourceTree = "<group>"; };
		79B73F03C75D28EE952EE6FC /* Pods_SafetyKuvrrKit.framework */ = {isa = PBXFileReference; explicitFileType = wrapper.framework; includeInIndex = 0; path = Pods_SafetyKuvrrKit.framework; sourceTree = BUILT_PRODUCTS_DIR; };
		A4766CE3755548F26DB78358 /* Pods-SafetyKuvrrKit.debug.xcconfig */ = {isa = PBXFileReference; includeInIndex = 1; lastKnownFileType = text.xcconfig; name = "Pods-SafetyKuvrrKit.debug.xcconfig"; path = "Target Support Files/Pods-SafetyKuvrrKit/Pods-SafetyKuvrrKit.debug.xcconfig"; sourceTree = "<group>"; };
		CDEBB67EA7DBA284FA32E4C4 /* Pods-SafetyKuvrrKit.release.xcconfig */ = {isa = PBXFileReference; includeInIndex = 1; lastKnownFileType = text.xcconfig; name = "Pods-SafetyKuvrrKit.release.xcconfig"; path = "Target Support Files/Pods-SafetyKuvrrKit/Pods-SafetyKuvrrKit.release.xcconfig"; sourceTree = "<group>"; };
/* End PBXFileReference section */

/* Begin PBXFrameworksBuildPhase section */
		15572B802C2C2D0B0057318D /* Frameworks */ = {
			isa = PBXFrameworksBuildPhase;
			buildActionMask = 2147483647;
			files = (
				0F685777FD26D83718473467 /* Pods_SafetyKuvrrKit.framework in Frameworks */,
			);
			runOnlyForDeploymentPostprocessing = 0;
		};
/* End PBXFrameworksBuildPhase section */

/* Begin PBXGroup section */
		153E82CC2C3C29CB0035286A /* Kit */ = {
			isa = PBXGroup;
			children = (
				15572B862C2C2D0B0057318D /* SafetyKuvrrKit.h */,
				15BA66EE2C3BEB8E00E60C4D /* SKKit.swift */,
				15572B8D2C2C2D690057318D /* SafetyKuvrr.swift */,
				150887932C2DA6DB0041DFC0 /* SKService.swift */,
				151C3B642C34077700688277 /* SKDataModels.swift */,
				151C3B622C34072100688277 /* SKEncoder.swift */,
				151C3B662C340B2000688277 /* SKUserDefaults.swift */,
				15B5768D2C35048A0043BDFD /* SKConstants.swift */,
				15EAA5CD2C369900009D61EA /* SKPermission.swift */,
				15EAA5D12C36BA77009D61EA /* UIDevice+Extension.swift */,
			);
			path = Kit;
			sourceTree = "<group>";
		};
		153E82CD2C3C29F50035286A /* Streaming */ = {
			isa = PBXGroup;
			children = (
				153E82CE2C3C2A380035286A /* SKStreaming.swift */,
			);
			path = Streaming;
			sourceTree = "<group>";
		};
		15572B792C2C2D0B0057318D = {
			isa = PBXGroup;
			children = (
				15572B852C2C2D0B0057318D /* SafetyKuvrrKit */,
				15572B842C2C2D0B0057318D /* Products */,
				450639F7FD13B71704253863 /* Pods */,
				9296C828AD2D911870079C70 /* Frameworks */,
			);
			sourceTree = "<group>";
		};
		15572B842C2C2D0B0057318D /* Products */ = {
			isa = PBXGroup;
			children = (
				15572B832C2C2D0B0057318D /* SafetyKuvrrKit.framework */,
			);
			name = Products;
			sourceTree = "<group>";
		};
		15572B852C2C2D0B0057318D /* SafetyKuvrrKit */ = {
			isa = PBXGroup;
			children = (
				153E82CC2C3C29CB0035286A /* Kit */,
				153E82CD2C3C29F50035286A /* Streaming */,
			);
			path = SafetyKuvrrKit;
			sourceTree = "<group>";
		};
		450639F7FD13B71704253863 /* Pods */ = {
			isa = PBXGroup;
			children = (
				A4766CE3755548F26DB78358 /* Pods-SafetyKuvrrKit.debug.xcconfig */,
				CDEBB67EA7DBA284FA32E4C4 /* Pods-SafetyKuvrrKit.release.xcconfig */,
			);
			path = Pods;
			sourceTree = "<group>";
		};
		9296C828AD2D911870079C70 /* Frameworks */ = {
			isa = PBXGroup;
			children = (
				79B73F03C75D28EE952EE6FC /* Pods_SafetyKuvrrKit.framework */,
			);
			name = Frameworks;
			sourceTree = "<group>";
		};
/* End PBXGroup section */

/* Begin PBXHeadersBuildPhase section */
		15572B7E2C2C2D0B0057318D /* Headers */ = {
			isa = PBXHeadersBuildPhase;
			buildActionMask = 2147483647;
			files = (
				15572B872C2C2D0B0057318D /* SafetyKuvrrKit.h in Headers */,
			);
			runOnlyForDeploymentPostprocessing = 0;
		};
/* End PBXHeadersBuildPhase section */

/* Begin PBXNativeTarget section */
		15572B822C2C2D0B0057318D /* SafetyKuvrrKit */ = {
			isa = PBXNativeTarget;
			buildConfigurationList = 15572B8A2C2C2D0B0057318D /* Build configuration list for PBXNativeTarget "SafetyKuvrrKit" */;
			buildPhases = (
				1289054727EE672A9EBCBABA /* [CP] Check Pods Manifest.lock */,
				15572B7E2C2C2D0B0057318D /* Headers */,
				15572B7F2C2C2D0B0057318D /* Sources */,
				15572B802C2C2D0B0057318D /* Frameworks */,
				15572B812C2C2D0B0057318D /* Resources */,
			);
			buildRules = (
			);
			dependencies = (
			);
			name = SafetyKuvrrKit;
			productName = SafetyKuvrrKit;
			productReference = 15572B832C2C2D0B0057318D /* SafetyKuvrrKit.framework */;
			productType = "com.apple.product-type.framework";
		};
/* End PBXNativeTarget section */

/* Begin PBXProject section */
		15572B7A2C2C2D0B0057318D /* Project object */ = {
			isa = PBXProject;
			attributes = {
				BuildIndependentTargetsInParallel = 1;
				LastUpgradeCheck = 1540;
				TargetAttributes = {
					15572B822C2C2D0B0057318D = {
						CreatedOnToolsVersion = 15.4;
						LastSwiftMigration = 1540;
					};
				};
			};
			buildConfigurationList = 15572B7D2C2C2D0B0057318D /* Build configuration list for PBXProject "SafetyKuvrrKit" */;
			compatibilityVersion = "Xcode 14.0";
			developmentRegion = en;
			hasScannedForEncodings = 0;
			knownRegions = (
				en,
				Base,
			);
			mainGroup = 15572B792C2C2D0B0057318D;
			productRefGroup = 15572B842C2C2D0B0057318D /* Products */;
			projectDirPath = "";
			projectRoot = "";
			targets = (
				15572B822C2C2D0B0057318D /* SafetyKuvrrKit */,
			);
		};
/* End PBXProject section */

/* Begin PBXResourcesBuildPhase section */
		15572B812C2C2D0B0057318D /* Resources */ = {
			isa = PBXResourcesBuildPhase;
			buildActionMask = 2147483647;
			files = (
			);
			runOnlyForDeploymentPostprocessing = 0;
		};
/* End PBXResourcesBuildPhase section */

/* Begin PBXShellScriptBuildPhase section */
		1289054727EE672A9EBCBABA /* [CP] Check Pods Manifest.lock */ = {
			isa = PBXShellScriptBuildPhase;
			buildActionMask = 2147483647;
			files = (
			);
			inputFileListPaths = (
			);
			inputPaths = (
				"${PODS_PODFILE_DIR_PATH}/Podfile.lock",
				"${PODS_ROOT}/Manifest.lock",
			);
			name = "[CP] Check Pods Manifest.lock";
			outputFileListPaths = (
			);
			outputPaths = (
				"$(DERIVED_FILE_DIR)/Pods-SafetyKuvrrKit-checkManifestLockResult.txt",
			);
			runOnlyForDeploymentPostprocessing = 0;
			shellPath = /bin/sh;
			shellScript = "diff \"${PODS_PODFILE_DIR_PATH}/Podfile.lock\" \"${PODS_ROOT}/Manifest.lock\" > /dev/null\nif [ $? != 0 ] ; then\n    # print error to STDERR\n    echo \"error: The sandbox is not in sync with the Podfile.lock. Run 'pod install' or update your CocoaPods installation.\" >&2\n    exit 1\nfi\n# This output is used by Xcode 'outputs' to avoid re-running this script phase.\necho \"SUCCESS\" > \"${SCRIPT_OUTPUT_FILE_0}\"\n";
			showEnvVarsInLog = 0;
		};
/* End PBXShellScriptBuildPhase section */

/* Begin PBXSourcesBuildPhase section */
		15572B7F2C2C2D0B0057318D /* Sources */ = {
			isa = PBXSourcesBuildPhase;
			buildActionMask = 2147483647;
			files = (
				151C3B632C34072200688277 /* SKEncoder.swift in Sources */,
				15EAA5D22C36BA77009D61EA /* UIDevice+Extension.swift in Sources */,
				15EAA5CE2C369900009D61EA /* SKPermission.swift in Sources */,
				151C3B652C34077800688277 /* SKDataModels.swift in Sources */,
				153E82CF2C3C2A380035286A /* SKStreaming.swift in Sources */,
				15572B8E2C2C2D690057318D /* SafetyKuvrr.swift in Sources */,
				15BA66EF2C3BEB8E00E60C4D /* SKKit.swift in Sources */,
				151C3B672C340B2000688277 /* SKUserDefaults.swift in Sources */,
				150887942C2DA6DB0041DFC0 /* SKService.swift in Sources */,
				15B5768E2C35048A0043BDFD /* SKConstants.swift in Sources */,
			);
			runOnlyForDeploymentPostprocessing = 0;
		};
/* End PBXSourcesBuildPhase section */

/* Begin XCBuildConfiguration section */
		15572B882C2C2D0B0057318D /* Debug */ = {
			isa = XCBuildConfiguration;
			buildSettings = {
				ALWAYS_SEARCH_USER_PATHS = NO;
				ASSETCATALOG_COMPILER_GENERATE_SWIFT_ASSET_SYMBOL_EXTENSIONS = YES;
				CLANG_ANALYZER_NONNULL = YES;
				CLANG_ANALYZER_NUMBER_OBJECT_CONVERSION = YES_AGGRESSIVE;
				CLANG_CXX_LANGUAGE_STANDARD = "gnu++20";
				CLANG_ENABLE_MODULES = YES;
				CLANG_ENABLE_OBJC_ARC = YES;
				CLANG_ENABLE_OBJC_WEAK = YES;
				CLANG_WARN_BLOCK_CAPTURE_AUTORELEASING = YES;
				CLANG_WARN_BOOL_CONVERSION = YES;
				CLANG_WARN_COMMA = YES;
				CLANG_WARN_CONSTANT_CONVERSION = YES;
				CLANG_WARN_DEPRECATED_OBJC_IMPLEMENTATIONS = YES;
				CLANG_WARN_DIRECT_OBJC_ISA_USAGE = YES_ERROR;
				CLANG_WARN_DOCUMENTATION_COMMENTS = YES;
				CLANG_WARN_EMPTY_BODY = YES;
				CLANG_WARN_ENUM_CONVERSION = YES;
				CLANG_WARN_INFINITE_RECURSION = YES;
				CLANG_WARN_INT_CONVERSION = YES;
				CLANG_WARN_NON_LITERAL_NULL_CONVERSION = YES;
				CLANG_WARN_OBJC_IMPLICIT_RETAIN_SELF = YES;
				CLANG_WARN_OBJC_LITERAL_CONVERSION = YES;
				CLANG_WARN_OBJC_ROOT_CLASS = YES_ERROR;
				CLANG_WARN_QUOTED_INCLUDE_IN_FRAMEWORK_HEADER = YES;
				CLANG_WARN_RANGE_LOOP_ANALYSIS = YES;
				CLANG_WARN_STRICT_PROTOTYPES = YES;
				CLANG_WARN_SUSPICIOUS_MOVE = YES;
				CLANG_WARN_UNGUARDED_AVAILABILITY = YES_AGGRESSIVE;
				CLANG_WARN_UNREACHABLE_CODE = YES;
				CLANG_WARN__DUPLICATE_METHOD_MATCH = YES;
				COPY_PHASE_STRIP = NO;
				CURRENT_PROJECT_VERSION = 1;
				DEBUG_INFORMATION_FORMAT = dwarf;
				ENABLE_STRICT_OBJC_MSGSEND = YES;
				ENABLE_TESTABILITY = YES;
				ENABLE_USER_SCRIPT_SANDBOXING = YES;
				GCC_C_LANGUAGE_STANDARD = gnu17;
				GCC_DYNAMIC_NO_PIC = NO;
				GCC_NO_COMMON_BLOCKS = YES;
				GCC_OPTIMIZATION_LEVEL = 0;
				GCC_PREPROCESSOR_DEFINITIONS = (
					"DEBUG=1",
					"$(inherited)",
				);
				GCC_WARN_64_TO_32_BIT_CONVERSION = YES;
				GCC_WARN_ABOUT_RETURN_TYPE = YES_ERROR;
				GCC_WARN_UNDECLARED_SELECTOR = YES;
				GCC_WARN_UNINITIALIZED_AUTOS = YES_AGGRESSIVE;
				GCC_WARN_UNUSED_FUNCTION = YES;
				GCC_WARN_UNUSED_VARIABLE = YES;
				IPHONEOS_DEPLOYMENT_TARGET = 13.0;
				LOCALIZATION_PREFERS_STRING_CATALOGS = YES;
				MTL_ENABLE_DEBUG_INFO = INCLUDE_SOURCE;
				MTL_FAST_MATH = YES;
				ONLY_ACTIVE_ARCH = YES;
				SDKROOT = iphoneos;
				SWIFT_ACTIVE_COMPILATION_CONDITIONS = "DEBUG $(inherited)";
				SWIFT_OPTIMIZATION_LEVEL = "-Onone";
				VERSIONING_SYSTEM = "apple-generic";
				VERSION_INFO_PREFIX = "";
			};
			name = Debug;
		};
		15572B892C2C2D0B0057318D /* Release */ = {
			isa = XCBuildConfiguration;
			buildSettings = {
				ALWAYS_SEARCH_USER_PATHS = NO;
				ASSETCATALOG_COMPILER_GENERATE_SWIFT_ASSET_SYMBOL_EXTENSIONS = YES;
				CLANG_ANALYZER_NONNULL = YES;
				CLANG_ANALYZER_NUMBER_OBJECT_CONVERSION = YES_AGGRESSIVE;
				CLANG_CXX_LANGUAGE_STANDARD = "gnu++20";
				CLANG_ENABLE_MODULES = YES;
				CLANG_ENABLE_OBJC_ARC = YES;
				CLANG_ENABLE_OBJC_WEAK = YES;
				CLANG_WARN_BLOCK_CAPTURE_AUTORELEASING = YES;
				CLANG_WARN_BOOL_CONVERSION = YES;
				CLANG_WARN_COMMA = YES;
				CLANG_WARN_CONSTANT_CONVERSION = YES;
				CLANG_WARN_DEPRECATED_OBJC_IMPLEMENTATIONS = YES;
				CLANG_WARN_DIRECT_OBJC_ISA_USAGE = YES_ERROR;
				CLANG_WARN_DOCUMENTATION_COMMENTS = YES;
				CLANG_WARN_EMPTY_BODY = YES;
				CLANG_WARN_ENUM_CONVERSION = YES;
				CLANG_WARN_INFINITE_RECURSION = YES;
				CLANG_WARN_INT_CONVERSION = YES;
				CLANG_WARN_NON_LITERAL_NULL_CONVERSION = YES;
				CLANG_WARN_OBJC_IMPLICIT_RETAIN_SELF = YES;
				CLANG_WARN_OBJC_LITERAL_CONVERSION = YES;
				CLANG_WARN_OBJC_ROOT_CLASS = YES_ERROR;
				CLANG_WARN_QUOTED_INCLUDE_IN_FRAMEWORK_HEADER = YES;
				CLANG_WARN_RANGE_LOOP_ANALYSIS = YES;
				CLANG_WARN_STRICT_PROTOTYPES = YES;
				CLANG_WARN_SUSPICIOUS_MOVE = YES;
				CLANG_WARN_UNGUARDED_AVAILABILITY = YES_AGGRESSIVE;
				CLANG_WARN_UNREACHABLE_CODE = YES;
				CLANG_WARN__DUPLICATE_METHOD_MATCH = YES;
				COPY_PHASE_STRIP = NO;
				CURRENT_PROJECT_VERSION = 1;
				DEBUG_INFORMATION_FORMAT = "dwarf-with-dsym";
				ENABLE_NS_ASSERTIONS = NO;
				ENABLE_STRICT_OBJC_MSGSEND = YES;
				ENABLE_USER_SCRIPT_SANDBOXING = YES;
				GCC_C_LANGUAGE_STANDARD = gnu17;
				GCC_NO_COMMON_BLOCKS = YES;
				GCC_WARN_64_TO_32_BIT_CONVERSION = YES;
				GCC_WARN_ABOUT_RETURN_TYPE = YES_ERROR;
				GCC_WARN_UNDECLARED_SELECTOR = YES;
				GCC_WARN_UNINITIALIZED_AUTOS = YES_AGGRESSIVE;
				GCC_WARN_UNUSED_FUNCTION = YES;
				GCC_WARN_UNUSED_VARIABLE = YES;
				IPHONEOS_DEPLOYMENT_TARGET = 13.0;
				LOCALIZATION_PREFERS_STRING_CATALOGS = YES;
				MTL_ENABLE_DEBUG_INFO = NO;
				MTL_FAST_MATH = YES;
				SDKROOT = iphoneos;
				SWIFT_COMPILATION_MODE = wholemodule;
				VALIDATE_PRODUCT = YES;
				VERSIONING_SYSTEM = "apple-generic";
				VERSION_INFO_PREFIX = "";
			};
			name = Release;
		};
		15572B8B2C2C2D0B0057318D /* Debug */ = {
			isa = XCBuildConfiguration;
			baseConfigurationReference = A4766CE3755548F26DB78358 /* Pods-SafetyKuvrrKit.debug.xcconfig */;
			buildSettings = {
				BUILD_LIBRARY_FOR_DISTRIBUTION = YES;
				CLANG_ENABLE_MODULES = YES;
				CODE_SIGN_STYLE = Automatic;
				CURRENT_PROJECT_VERSION = 1;
				DEFINES_MODULE = YES;
				DEVELOPMENT_TEAM = JHRHBHPBUX;
				DYLIB_COMPATIBILITY_VERSION = 1;
				DYLIB_CURRENT_VERSION = 1;
				DYLIB_INSTALL_NAME_BASE = "@rpath";
				ENABLE_MODULE_VERIFIER = YES;
				ENABLE_USER_SCRIPT_SANDBOXING = NO;
				GENERATE_INFOPLIST_FILE = YES;
				INFOPLIST_KEY_NSHumanReadableCopyright = "";
				INSTALL_PATH = "$(LOCAL_LIBRARY_DIR)/Frameworks";
				LD_RUNPATH_SEARCH_PATHS = (
					"$(inherited)",
					"@executable_path/Frameworks",
					"@loader_path/Frameworks",
				);
				MARKETING_VERSION = 1.0;
				MODULE_VERIFIER_SUPPORTED_LANGUAGES = "objective-c objective-c++";
				MODULE_VERIFIER_SUPPORTED_LANGUAGE_STANDARDS = "gnu17 gnu++20";
				PRODUCT_BUNDLE_IDENTIFIER = kitios.safety.armourgrid.SafetyKuvrrKit;
				PRODUCT_NAME = "$(TARGET_NAME:c99extidentifier)";
				SKIP_INSTALL = YES;
				SUPPORTED_PLATFORMS = "iphoneos iphonesimulator";
				SUPPORTS_MACCATALYST = NO;
				SUPPORTS_MAC_DESIGNED_FOR_IPHONE_IPAD = NO;
				SUPPORTS_XR_DESIGNED_FOR_IPHONE_IPAD = NO;
				SWIFT_EMIT_LOC_STRINGS = YES;
				SWIFT_INSTALL_OBJC_HEADER = NO;
				SWIFT_OPTIMIZATION_LEVEL = "-Onone";
				SWIFT_VERSION = 5.0;
				TARGETED_DEVICE_FAMILY = "1,2";
			};
			name = Debug;
		};
		15572B8C2C2C2D0B0057318D /* Release */ = {
			isa = XCBuildConfiguration;
			baseConfigurationReference = CDEBB67EA7DBA284FA32E4C4 /* Pods-SafetyKuvrrKit.release.xcconfig */;
			buildSettings = {
				BUILD_LIBRARY_FOR_DISTRIBUTION = YES;
				CLANG_ENABLE_MODULES = YES;
				CODE_SIGN_STYLE = Automatic;
				CURRENT_PROJECT_VERSION = 1;
				DEFINES_MODULE = YES;
				DEVELOPMENT_TEAM = JHRHBHPBUX;
				DYLIB_COMPATIBILITY_VERSION = 1;
				DYLIB_CURRENT_VERSION = 1;
				DYLIB_INSTALL_NAME_BASE = "@rpath";
				ENABLE_MODULE_VERIFIER = YES;
				ENABLE_USER_SCRIPT_SANDBOXING = NO;
				GENERATE_INFOPLIST_FILE = YES;
				INFOPLIST_KEY_NSHumanReadableCopyright = "";
				INSTALL_PATH = "$(LOCAL_LIBRARY_DIR)/Frameworks";
				LD_RUNPATH_SEARCH_PATHS = (
					"$(inherited)",
					"@executable_path/Frameworks",
					"@loader_path/Frameworks",
				);
				MARKETING_VERSION = 1.0;
				MODULE_VERIFIER_SUPPORTED_LANGUAGES = "objective-c objective-c++";
				MODULE_VERIFIER_SUPPORTED_LANGUAGE_STANDARDS = "gnu17 gnu++20";
				PRODUCT_BUNDLE_IDENTIFIER = kitios.safety.armourgrid.SafetyKuvrrKit;
				PRODUCT_NAME = "$(TARGET_NAME:c99extidentifier)";
				SKIP_INSTALL = YES;
				SUPPORTED_PLATFORMS = "iphoneos iphonesimulator";
				SUPPORTS_MACCATALYST = NO;
				SUPPORTS_MAC_DESIGNED_FOR_IPHONE_IPAD = NO;
				SUPPORTS_XR_DESIGNED_FOR_IPHONE_IPAD = NO;
				SWIFT_EMIT_LOC_STRINGS = YES;
				SWIFT_INSTALL_OBJC_HEADER = NO;
				SWIFT_VERSION = 5.0;
				TARGETED_DEVICE_FAMILY = "1,2";
			};
			name = Release;
		};
/* End XCBuildConfiguration section */

/* Begin XCConfigurationList section */
		15572B7D2C2C2D0B0057318D /* Build configuration list for PBXProject "SafetyKuvrrKit" */ = {
			isa = XCConfigurationList;
			buildConfigurations = (
				15572B882C2C2D0B0057318D /* Debug */,
				15572B892C2C2D0B0057318D /* Release */,
			);
			defaultConfigurationIsVisible = 0;
			defaultConfigurationName = Release;
		};
		15572B8A2C2C2D0B0057318D /* Build configuration list for PBXNativeTarget "SafetyKuvrrKit" */ = {
			isa = XCConfigurationList;
			buildConfigurations = (
				15572B8B2C2C2D0B0057318D /* Debug */,
				15572B8C2C2C2D0B0057318D /* Release */,
			);
			defaultConfigurationIsVisible = 0;
			defaultConfigurationName = Release;
		};
/* End XCConfigurationList section */
	};
	rootObject = 15572B7A2C2C2D0B0057318D /* Project object */;
}
