PODS:
  - ActiveLabel (1.1.0)
  - AgoraRtcEngine_iOS (4.3.2):
    - AgoraRtcEngine_iOS/AIAEC (= 4.3.2)
    - AgoraRtcEngine_iOS/AINS (= 4.3.2)
    - AgoraRtcEngine_iOS/AudioBeauty (= 4.3.2)
    - AgoraRtcEngine_iOS/ClearVision (= 4.3.2)
    - AgoraRtcEngine_iOS/ContentInspect (= 4.3.2)
    - AgoraRtcEngine_iOS/FaceCapture (= 4.3.2)
    - AgoraRtcEngine_iOS/FaceDetection (= 4.3.2)
    - AgoraRtcEngine_iOS/LipSync (= 4.3.2)
    - AgoraRtcEngine_iOS/ReplayKit (= 4.3.2)
    - AgoraRtcEngine_iOS/RtcBasic (= 4.3.2)
    - AgoraRtcEngine_iOS/SpatialAudio (= 4.3.2)
    - AgoraRtcEngine_iOS/VideoAv1CodecDec (= 4.3.2)
    - AgoraRtcEngine_iOS/VideoAv1CodecEnc (= 4.3.2)
    - AgoraRtcEngine_iOS/VideoCodecDec (= 4.3.2)
    - AgoraRtcEngine_iOS/VideoCodecEnc (= 4.3.2)
    - AgoraRtcEngine_iOS/VirtualBackground (= 4.3.2)
    - AgoraRtcEngine_iOS/VQA (= 4.3.2)
  - AgoraRtcEngine_iOS/AIAEC (4.3.2)
  - AgoraRtcEngine_iOS/AINS (4.3.2)
  - AgoraRtcEngine_iOS/AudioBeauty (4.3.2)
  - AgoraRtcEngine_iOS/ClearVision (4.3.2)
  - AgoraRtcEngine_iOS/ContentInspect (4.3.2)
  - AgoraRtcEngine_iOS/FaceCapture (4.3.2)
  - AgoraRtcEngine_iOS/FaceDetection (4.3.2)
  - AgoraRtcEngine_iOS/LipSync (4.3.2)
  - AgoraRtcEngine_iOS/ReplayKit (4.3.2)
  - AgoraRtcEngine_iOS/RtcBasic (4.3.2)
  - AgoraRtcEngine_iOS/SpatialAudio (4.3.2)
  - AgoraRtcEngine_iOS/VideoAv1CodecDec (4.3.2)
  - AgoraRtcEngine_iOS/VideoAv1CodecEnc (4.3.2)
  - AgoraRtcEngine_iOS/VideoCodecDec (4.3.2)
  - AgoraRtcEngine_iOS/VideoCodecEnc (4.3.2)
  - AgoraRtcEngine_iOS/VirtualBackground (4.3.2)
  - AgoraRtcEngine_iOS/VQA (4.3.2)
  - Alamofire (5.9.1)
  - DeviceGuru (10.0.7):
    - DeviceGuru/DeviceGuru (= 10.0.7)
  - DeviceGuru/DeviceGuru (10.0.7):
    - DeviceGuru/Resources
  - DeviceGuru/Resources (10.0.7)
  - INTULocationManager (4.4.0)
  - KeychainSwift (24.0.0)
  - PermissionKit (1.6.1):
    - PermissionKit/Bluetooth (= 1.6.1)
    - PermissionKit/Camera (= 1.6.1)
    - PermissionKit/Contacts (= 1.6.1)
    - PermissionKit/Core (= 1.6.1)
    - PermissionKit/Event (= 1.6.1)
    - PermissionKit/Location (= 1.6.1)
    - PermissionKit/Media (= 1.6.1)
    - PermissionKit/Motion (= 1.6.1)
    - PermissionKit/Notification (= 1.6.1)
    - PermissionKit/Photos (= 1.6.1)
    - PermissionKit/Siri (= 1.6.1)
    - PermissionKit/Speech (= 1.6.1)
    - PermissionKit/Tracking (= 1.6.1)
  - PermissionKit/Bluetooth (1.6.1):
    - PermissionKit/Core
  - PermissionKit/Camera (1.6.1):
    - PermissionKit/Core
  - PermissionKit/Contacts (1.6.1):
    - PermissionKit/Core
  - PermissionKit/Core (1.6.1):
    - PermissionKit/Privacy
  - PermissionKit/Event (1.6.1):
    - PermissionKit/Core
  - PermissionKit/Location (1.6.1):
    - PermissionKit/Core
  - PermissionKit/Media (1.6.1):
    - PermissionKit/Core
  - PermissionKit/Motion (1.6.1):
    - PermissionKit/Core
  - PermissionKit/Notification (1.6.1):
    - PermissionKit/Core
  - PermissionKit/Photos (1.6.1):
    - PermissionKit/Core
  - PermissionKit/Privacy (1.6.1)
  - PermissionKit/Siri (1.6.1):
    - PermissionKit/Core
  - PermissionKit/Speech (1.6.1):
    - PermissionKit/Core
  - PermissionKit/Tracking (1.6.1):
    - PermissionKit/Core
  - SDWebImage (5.19.4):
    - SDWebImage/Core (= 5.19.4)
  - SDWebImage/Core (5.19.4)

DEPENDENCIES:
  - ActiveLabel
  - AgoraRtcEngine_iOS
  - Alamofire
  - DeviceGuru
  - INTULocationManager
  - KeychainSwift
  - PermissionKit
  - SDWebImage

SPEC REPOS:
  https://github.com/CocoaPods/Specs.git:
    - ActiveLabel
    - AgoraRtcEngine_iOS
    - Alamofire
    - DeviceGuru
    - INTULocationManager
    - KeychainSwift
    - PermissionKit
    - SDWebImage

SPEC CHECKSUMS:
  ActiveLabel: 5e3f4de79a1952d4604b845a0610d4776e4b82b3
  AgoraRtcEngine_iOS: eaa97751fcfe1b50d9b067e0df92752a6a5f899f
  Alamofire: f36a35757af4587d8e4f4bfa223ad10be2422b8c
  DeviceGuru: 593a89a21c71bc1d5a039a8d6807c325c84cc091
  INTULocationManager: b5a0422782f0b87af0b8db14e0826fb38dbecd19
  KeychainSwift: 007c4647486e4563adca839cf02cef00deb3b670
  PermissionKit: 5bfb53abe59cf35743f2798cc05207b305331507
  SDWebImage: 066c47b573f408f18caa467d71deace7c0f8280d

PODFILE CHECKSUM: bdf14551cf954b5192599fbcbd21952f23c2ca9f

COCOAPODS: 1.15.2
